
Microsoft Visual Studio Solution File, Format Version 12.00
# Visual Studio 15
VisualStudioVersion = 15.0.28010.2046
MinimumVisualStudioVersion = 10.0.40219.1
Project("{FAE04EC0-301F-11D3-BF4B-00C04F79EFBC}") = "ConexionDB", "ConexionDB\ConexionDB.csproj", "{FFF7AF04-9D49-4E4E-9311-726F7C3A0D34}"
EndProject
Global
	GlobalSection(SolutionConfigurationPlatforms) = preSolution
		Debug|Any CPU = Debug|Any CPU
		Release|Any CPU = Release|Any CPU
	EndGlobalSection
	GlobalSection(ProjectConfigurationPlatforms) = postSolution
		{FFF7AF04-9D49-4E4E-9311-726F7C3A0D34}.Debug|Any CPU.ActiveCfg = Debug|Any CPU
		{FFF7AF04-9D49-4E4E-9311-726F7C3A0D34}.Debug|Any CPU.Build.0 = Debug|Any CPU
		{FFF7AF04-9D49-4E4E-9311-726F7C3A0D34}.Release|Any CPU.ActiveCfg = Release|Any CPU
		{FFF7AF04-9D49-4E4E-9311-726F7C3A0D34}.Release|Any CPU.Build.0 = Release|Any CPU
	EndGlobalSection
	GlobalSection(SolutionProperties) = preSolution
		HideSolutionNode = FALSE
	EndGlobalSection
	GlobalSection(ExtensibilityGlobals) = postSolution
		SolutionGuid = {8AD7A2CE-6F5E-48DC-888C-2C6439796808}
	EndGlobalSection
EndGlobal
